
Microsoft Visual Studio Solution File, Format Version 12.00
# Visual Studio Version 17
VisualStudioVersion = 17.13.35919.96 d17.13
MinimumVisualStudioVersion = 10.0.40219.1
Project("{FAE04EC0-301F-11D3-BF4B-00C04F79EFBC}") = "Quill_API", "Quill_API\Quill_API.csproj", "{78617B90-0031-4974-886A-5D628E32276B}"
EndProject
Global
	GlobalSection(SolutionConfigurationPlatforms) = preSolution
		Debug|Any CPU = Debug|Any CPU
		Release|Any CPU = Release|Any CPU
	EndGlobalSection
	GlobalSection(ProjectConfigurationPlatforms) = postSolution
		{78617B90-0031-4974-886A-5D628E32276B}.Debug|Any CPU.ActiveCfg = Debug|Any CPU
		{78617B90-0031-4974-886A-5D628E32276B}.Debug|Any CPU.Build.0 = Debug|Any CPU
		{78617B90-0031-4974-886A-5D628E32276B}.Release|Any CPU.ActiveCfg = Release|Any CPU
		{78617B90-0031-4974-886A-5D628E32276B}.Release|Any CPU.Build.0 = Release|Any CPU
	EndGlobalSection
	GlobalSection(SolutionProperties) = preSolution
		HideSolutionNode = FALSE
	EndGlobalSection
	GlobalSection(ExtensibilityGlobals) = postSolution
		SolutionGuid = {F978FA6C-CB6A-46D6-B34C-ECCA9F0BB5C5}
	EndGlobalSection
EndGlobal
